
Microsoft Visual Studio Solution File, Format Version 12.00
# Visual Studio Version 16
VisualStudioVersion = 16.0.31729.503
MinimumVisualStudioVersion = 10.0.40219.1
Project("{FAE04EC0-301F-11D3-BF4B-00C04F79EFBC}") = "WebApplication1", "WebApplication1.csproj", "{56418372-F539-43E5-BB55-9E30A93E9702}"
EndProject
Global
	GlobalSection(SolutionConfigurationPlatforms) = preSolution
		Debug|Any CPU = Debug|Any CPU
		Release|Any CPU = Release|Any CPU
	EndGlobalSection
	GlobalSection(ProjectConfigurationPlatforms) = postSolution
		{56418372-F539-43E5-BB55-9E30A93E9702}.Debug|Any CPU.ActiveCfg = Debug|Any CPU
		{56418372-F539-43E5-BB55-9E30A93E9702}.Debug|Any CPU.Build.0 = Debug|Any CPU
		{56418372-F539-43E5-BB55-9E30A93E9702}.Release|Any CPU.ActiveCfg = Release|Any CPU
		{56418372-F539-43E5-BB55-9E30A93E9702}.Release|Any CPU.Build.0 = Release|Any CPU
	EndGlobalSection
	GlobalSection(SolutionProperties) = preSolution
		HideSolutionNode = FALSE
	EndGlobalSection
	GlobalSection(ExtensibilityGlobals) = postSolution
		SolutionGuid = {4F1A652B-BA0A-4BC7-9FEE-441793E63F4C}
	EndGlobalSection
EndGlobal
